{
  "version": "5",
  "specifiers": {
    "jsr:@hono/hono@^4.6.0": "4.12.7",
    "jsr:@std/assert@1": "1.0.13",
    "jsr:@std/internal@^1.0.6": "1.0.10",
    "jsr:@std/internal@^1.0.9": "1.0.10",
    "jsr:@std/path@1": "1.1.1",
    "npm:@supabase/supabase-js@^2.49.0": "2.100.1",
    "npm:postgres@3": "3.4.8"
  },
  "jsr": {
    "@hono/hono@4.12.7": {
      "integrity": "d418c260eda1b1ad48bc0193b29ed1804c4fbee27cc92954c415f58743fd65e9"
    },
    "@std/assert@1.0.13": {
      "integrity": "ae0d31e41919b12c656c742b22522c32fb26ed0cba32975cb0de2a273cb68b29",
      "dependencies": [
        "jsr:@std/internal@^1.0.6"
      ]
    },
    "@std/internal@1.0.10": {
      "integrity": "e3be62ce42cab0e177c27698e5d9800122f67b766a0bea6ca4867886cbde8cf7"
    },
    "@std/path@1.1.1": {
      "integrity": "fe00026bd3a7e6a27f73709b83c607798be40e20c81dde655ce34052fd82ec76",
      "dependencies": [
        "jsr:@std/internal@^1.0.9"
      ]
    }
  },
  "npm": {
    "@supabase/auth-js@2.100.1": {
      "integrity": "sha512-c5FB4nrG7cs1mLSzFGuIVl2iR2YO5XkSJ96uF4zubYm8YDn71XOi2emE9sBm/avfGCj61jaRBLOvxEAVnpys0Q==",
      "dependencies": [
        "tslib"
      ]
    },
    "@supabase/functions-js@2.100.1": {
      "integrity": "sha512-mo8QheoV4KR+wSubtyEWhZUxWnCM7YZ23TncccMAlbWAHb8YTDqRGRm9IalWCAswniKyud6buZCk9snRqI86KA==",
      "dependencies": [
        "tslib"
      ]
    },
    "@supabase/phoenix@0.4.0": {
      "integrity": "sha512-RHSx8bHS02xwfHdAbX5Lpbo6PXbgyf7lTaXTlwtFDPwOIw64NnVRwFAXGojHhjtVYI+PEPNSWwkL90f4agN3bw=="
    },
    "@supabase/postgrest-js@2.100.1": {
      "integrity": "sha512-OIh4mOSo2LdqF2kox76OAPDtcSs+PwKABJOjc6plUV4/LXhFEsI2uwdEEIs7K7fd141qehWEVl/Y+Ts0fNvYsw==",
      "dependencies": [
        "tslib"
      ]
    },
    "@supabase/realtime-js@2.100.1": {
      "integrity": "sha512-FHuRWPX4qZQ4x+0Q+ZrKaBZnOiVGiwsgiAUJM98pYRib1yeaE/fOM1lZ1ozd+4gA8Udw23OyaD8SxKS5mT5NYw==",
      "dependencies": [
        "@supabase/phoenix",
        "@types/ws",
        "tslib",
        "ws"
      ]
    },
    "@supabase/storage-js@2.100.1": {
      "integrity": "sha512-x9xpEIoWM4xKiAlwfWTgHPSN6N4Y0aS4FVU4F6ZPbq7Gayw08SrtC6/YH/gOr8CjXQr0HxXYXDop2xGTSjubYA==",
      "dependencies": [
        "iceberg-js",
        "tslib"
      ]
    },
    "@supabase/supabase-js@2.100.1": {
      "integrity": "sha512-CAeFm5sfX8sbTzxoxRafhohreIzl9a7R6qHTck3MrgTqm5M5g/u0IHfEKYzI9w/17r8NINl8UZrw2i08wrO7Iw==",
      "dependencies": [
        "@supabase/auth-js",
        "@supabase/functions-js",
        "@supabase/postgrest-js",
        "@supabase/realtime-js",
        "@supabase/storage-js"
      ]
    },
    "@types/node@24.2.0": {
      "integrity": "sha512-3xyG3pMCq3oYCNg7/ZP+E1ooTaGB4cG8JWRsqqOYQdbWNY4zbaV0Ennrd7stjiJEFZCaybcIgpTjJWHRfBSIDw==",
      "dependencies": [
        "undici-types"
      ]
    },
    "@types/ws@8.18.1": {
      "integrity": "sha512-ThVF6DCVhA8kUGy+aazFQ4kXQ7E1Ty7A3ypFOe0IcJV8O/M511G99AW24irKrW56Wt44yG9+ij8FaqoBGkuBXg==",
      "dependencies": [
        "@types/node"
      ]
    },
    "iceberg-js@0.8.1": {
      "integrity": "sha512-1dhVQZXhcHje7798IVM+xoo/1ZdVfzOMIc8/rgVSijRK38EDqOJoGula9N/8ZI5RD8QTxNQtK/Gozpr+qUqRRA=="
    },
    "postgres@3.4.8": {
      "integrity": "sha512-d+JFcLM17njZaOLkv6SCev7uoLaBtfK86vMUXhW1Z4glPWh4jozno9APvW/XKFJ3CCxVoC7OL38BqRydtu5nGg=="
    },
    "tslib@2.8.1": {
      "integrity": "sha512-oJFu94HQb+KVduSUQL7wnpmqnfmLsOA/nAh6b6EH0wCEoK0/mPeXU6c3wKDV83MkOuHPRHtSXKKU99IBazS/2w=="
    },
    "undici-types@7.10.0": {
      "integrity": "sha512-t5Fy/nfn+14LuOc2KNYg75vZqClpAiqscVvMygNnlsHBFpSXdJaYtXMcdNLpl/Qvc3P2cB3s6lOV51nqsFq4ag=="
    },
    "ws@8.18.3": {
      "integrity": "sha512-PEIGCY5tSlUt50cqyMXfCzX+oOPqN0vuGqWzbcJ2xvnkzkq46oOpz7dQaTDBdfICb4N14+GARUDw2XV2N4tvzg=="
    }
  },
  "workspace": {
    "dependencies": [
      "jsr:@hono/hono@^4.6.0",
      "jsr:@std/assert@1",
      "npm:@supabase/supabase-js@^2.49.0"
    ]
  }
}
